
Microsoft Visual Studio Solution File, Format Version 12.00
# Visual Studio Version 16
VisualStudioVersion = 16.0.30711.63
MinimumVisualStudioVersion = 10.0.40219.1
Project("{FAE04EC0-301F-11D3-BF4B-00C04F79EFBC}") = "2-1", "2-1.csproj", "{B424B341-B92A-47F3-BA93-15827E3D0208}"
EndProject
Project("{FAE04EC0-301F-11D3-BF4B-00C04F79EFBC}") = "Igor_task", "Igor_task\Igor_task.csproj", "{A3C7BE3E-8A98-4829-AC22-A292AFBA253F}"
EndProject
Project("{FAE04EC0-301F-11D3-BF4B-00C04F79EFBC}") = "Igor_task2", "Igor_task2\Igor_task2.csproj", "{CFDB6AF7-ED1F-456B-9A75-CBD68631FFB9}"
EndProject
Project("{FAE04EC0-301F-11D3-BF4B-00C04F79EFBC}") = "2-3", "2-3\2-3.csproj", "{B26DD23D-D9B5-413A-908C-6D7991B7DF6D}"
EndProject
Global
	GlobalSection(SolutionConfigurationPlatforms) = preSolution
		Debug|Any CPU = Debug|Any CPU
		Release|Any CPU = Release|Any CPU
	EndGlobalSection
	GlobalSection(ProjectConfigurationPlatforms) = postSolution
		{B424B341-B92A-47F3-BA93-15827E3D0208}.Debug|Any CPU.ActiveCfg = Debug|Any CPU
		{B424B341-B92A-47F3-BA93-15827E3D0208}.Debug|Any CPU.Build.0 = Debug|Any CPU
		{B424B341-B92A-47F3-BA93-15827E3D0208}.Release|Any CPU.ActiveCfg = Release|Any CPU
		{A3C7BE3E-8A98-4829-AC22-A292AFBA253F}.Debug|Any CPU.ActiveCfg = Debug|Any CPU
		{A3C7BE3E-8A98-4829-AC22-A292AFBA253F}.Release|Any CPU.ActiveCfg = Debug|Any CPU
		{A3C7BE3E-8A98-4829-AC22-A292AFBA253F}.Release|Any CPU.Build.0 = Debug|Any CPU
		{CFDB6AF7-ED1F-456B-9A75-CBD68631FFB9}.Debug|Any CPU.ActiveCfg = Debug|Any CPU
		{CFDB6AF7-ED1F-456B-9A75-CBD68631FFB9}.Release|Any CPU.ActiveCfg = Release|Any CPU
		{CFDB6AF7-ED1F-456B-9A75-CBD68631FFB9}.Release|Any CPU.Build.0 = Release|Any CPU
		{B26DD23D-D9B5-413A-908C-6D7991B7DF6D}.Debug|Any CPU.ActiveCfg = Debug|Any CPU
		{B26DD23D-D9B5-413A-908C-6D7991B7DF6D}.Debug|Any CPU.Build.0 = Debug|Any CPU
		{B26DD23D-D9B5-413A-908C-6D7991B7DF6D}.Release|Any CPU.ActiveCfg = Release|Any CPU
		{B26DD23D-D9B5-413A-908C-6D7991B7DF6D}.Release|Any CPU.Build.0 = Release|Any CPU
	EndGlobalSection
	GlobalSection(SolutionProperties) = preSolution
		HideSolutionNode = FALSE
	EndGlobalSection
	GlobalSection(ExtensibilityGlobals) = postSolution
		SolutionGuid = {9A7F9A20-8A2C-490C-81B4-519E9093C772}
	EndGlobalSection
EndGlobal
